
Microsoft Visual Studio Solution File, Format Version 12.00
# Visual Studio Version 16
VisualStudioVersion = 16.0.29519.181
MinimumVisualStudioVersion = 10.0.40219.1
Project("{2150E333-8FDC-42A3-9474-1A3956D46DE8}") = "0 - Apresentação", "0 - Apresentação", "{3D2FF3CA-AA70-46B0-8156-E9B81BD5CD66}"
EndProject
Project("{2150E333-8FDC-42A3-9474-1A3956D46DE8}") = "1 - Dados", "1 - Dados", "{10AF4DD3-0642-4694-8AC5-CEBF80216D51}"
EndProject
Project("{2150E333-8FDC-42A3-9474-1A3956D46DE8}") = "2 - Core", "2 - Core", "{2AC0FC6E-AB18-4086-B684-7679089BAC59}"
EndProject
Project("{9A19103F-16F7-4668-BE54-9A1E7A4F7556}") = "ModaSystemDomain", "ModaSystemDomain\ModaSystemDomain.csproj", "{A01C69E7-67F6-41C1-AF45-55D990B5C17A}"
EndProject
Project("{9A19103F-16F7-4668-BE54-9A1E7A4F7556}") = "ModaSystemDados", "ModaSystemDados\ModaSystemDados.csproj", "{41AAD6A9-197A-4E06-BBD4-55796D511E1F}"
EndProject
Project("{9A19103F-16F7-4668-BE54-9A1E7A4F7556}") = "ModaSystemWeb", "ModaSystemWeb\ModaSystemWeb.csproj", "{80A485C0-42C5-4020-8167-676A1D5DF347}"
EndProject
Global
	GlobalSection(SolutionConfigurationPlatforms) = preSolution
		Debug|Any CPU = Debug|Any CPU
		Release|Any CPU = Release|Any CPU
	EndGlobalSection
	GlobalSection(ProjectConfigurationPlatforms) = postSolution
		{A01C69E7-67F6-41C1-AF45-55D990B5C17A}.Debug|Any CPU.ActiveCfg = Debug|Any CPU
		{A01C69E7-67F6-41C1-AF45-55D990B5C17A}.Debug|Any CPU.Build.0 = Debug|Any CPU
		{A01C69E7-67F6-41C1-AF45-55D990B5C17A}.Release|Any CPU.ActiveCfg = Release|Any CPU
		{A01C69E7-67F6-41C1-AF45-55D990B5C17A}.Release|Any CPU.Build.0 = Release|Any CPU
		{41AAD6A9-197A-4E06-BBD4-55796D511E1F}.Debug|Any CPU.ActiveCfg = Debug|Any CPU
		{41AAD6A9-197A-4E06-BBD4-55796D511E1F}.Debug|Any CPU.Build.0 = Debug|Any CPU
		{41AAD6A9-197A-4E06-BBD4-55796D511E1F}.Release|Any CPU.ActiveCfg = Release|Any CPU
		{41AAD6A9-197A-4E06-BBD4-55796D511E1F}.Release|Any CPU.Build.0 = Release|Any CPU
		{80A485C0-42C5-4020-8167-676A1D5DF347}.Debug|Any CPU.ActiveCfg = Debug|Any CPU
		{80A485C0-42C5-4020-8167-676A1D5DF347}.Debug|Any CPU.Build.0 = Debug|Any CPU
		{80A485C0-42C5-4020-8167-676A1D5DF347}.Release|Any CPU.ActiveCfg = Release|Any CPU
		{80A485C0-42C5-4020-8167-676A1D5DF347}.Release|Any CPU.Build.0 = Release|Any CPU
	EndGlobalSection
	GlobalSection(SolutionProperties) = preSolution
		HideSolutionNode = FALSE
	EndGlobalSection
	GlobalSection(NestedProjects) = preSolution
		{A01C69E7-67F6-41C1-AF45-55D990B5C17A} = {2AC0FC6E-AB18-4086-B684-7679089BAC59}
		{41AAD6A9-197A-4E06-BBD4-55796D511E1F} = {10AF4DD3-0642-4694-8AC5-CEBF80216D51}
		{80A485C0-42C5-4020-8167-676A1D5DF347} = {3D2FF3CA-AA70-46B0-8156-E9B81BD5CD66}
	EndGlobalSection
	GlobalSection(ExtensibilityGlobals) = postSolution
		SolutionGuid = {D49E7FF9-6CF6-48D3-866C-D485BE63ABF4}
	EndGlobalSection
EndGlobal
